
Microsoft Visual Studio Solution File, Format Version 12.00
# Visual Studio Version 16
VisualStudioVersion = 16.0.30611.23
MinimumVisualStudioVersion = 10.0.40219.1
Project("{FAE04EC0-301F-11D3-BF4B-00C04F79EFBC}") = "vivledo.device.Android", "vivledo.device\vivledo.device.Android\vivledo.device.Android.csproj", "{DBE54614-8215-4638-8B91-543E1BFC3824}"
EndProject
Project("{FAE04EC0-301F-11D3-BF4B-00C04F79EFBC}") = "vivledo.device.iOS", "vivledo.device\vivledo.device.iOS\vivledo.device.iOS.csproj", "{3C26A00D-E0DD-436B-A72B-A4CB0B0DDE5B}"
EndProject
Project("{FAE04EC0-301F-11D3-BF4B-00C04F79EFBC}") = "vivledo.device", "vivledo.device\vivledo.device\vivledo.device.csproj", "{776029E8-57DB-40F7-A09C-760BA3E7F719}"
EndProject
Global
	GlobalSection(SolutionConfigurationPlatforms) = preSolution
		Debug|Any CPU = Debug|Any CPU
		Debug|ARM = Debug|ARM
		Debug|iPhone = Debug|iPhone
		Debug|iPhoneSimulator = Debug|iPhoneSimulator
		Debug|x64 = Debug|x64
		Debug|x86 = Debug|x86
		Release|Any CPU = Release|Any CPU
		Release|ARM = Release|ARM
		Release|iPhone = Release|iPhone
		Release|iPhoneSimulator = Release|iPhoneSimulator
		Release|x64 = Release|x64
		Release|x86 = Release|x86
	EndGlobalSection
	GlobalSection(ProjectConfigurationPlatforms) = postSolution
		{DBE54614-8215-4638-8B91-543E1BFC3824}.Debug|Any CPU.ActiveCfg = Debug|Any CPU
		{DBE54614-8215-4638-8B91-543E1BFC3824}.Debug|Any CPU.Build.0 = Debug|Any CPU
		{DBE54614-8215-4638-8B91-543E1BFC3824}.Debug|Any CPU.Deploy.0 = Debug|Any CPU
		{DBE54614-8215-4638-8B91-543E1BFC3824}.Debug|ARM.ActiveCfg = Debug|Any CPU
		{DBE54614-8215-4638-8B91-543E1BFC3824}.Debug|ARM.Build.0 = Debug|Any CPU
		{DBE54614-8215-4638-8B91-543E1BFC3824}.Debug|ARM.Deploy.0 = Debug|Any CPU
		{DBE54614-8215-4638-8B91-543E1BFC3824}.Debug|iPhone.ActiveCfg = Debug|Any CPU
		{DBE54614-8215-4638-8B91-543E1BFC3824}.Debug|iPhone.Build.0 = Debug|Any CPU
		{DBE54614-8215-4638-8B91-543E1BFC3824}.Debug|iPhone.Deploy.0 = Debug|Any CPU
		{DBE54614-8215-4638-8B91-543E1BFC3824}.Debug|iPhoneSimulator.ActiveCfg = Debug|Any CPU
		{DBE54614-8215-4638-8B91-543E1BFC3824}.Debug|iPhoneSimulator.Build.0 = Debug|Any CPU
		{DBE54614-8215-4638-8B91-543E1BFC3824}.Debug|iPhoneSimulator.Deploy.0 = Debug|Any CPU
		{DBE54614-8215-4638-8B91-543E1BFC3824}.Debug|x64.ActiveCfg = Debug|Any CPU
		{DBE54614-8215-4638-8B91-543E1BFC3824}.Debug|x64.Build.0 = Debug|Any CPU
		{DBE54614-8215-4638-8B91-543E1BFC3824}.Debug|x64.Deploy.0 = Debug|Any CPU
		{DBE54614-8215-4638-8B91-543E1BFC3824}.Debug|x86.ActiveCfg = Debug|Any CPU
		{DBE54614-8215-4638-8B91-543E1BFC3824}.Debug|x86.Build.0 = Debug|Any CPU
		{DBE54614-8215-4638-8B91-543E1BFC3824}.Debug|x86.Deploy.0 = Debug|Any CPU
		{DBE54614-8215-4638-8B91-543E1BFC3824}.Release|Any CPU.ActiveCfg = Release|Any CPU
		{DBE54614-8215-4638-8B91-543E1BFC3824}.Release|Any CPU.Build.0 = Release|Any CPU
		{DBE54614-8215-4638-8B91-543E1BFC3824}.Release|Any CPU.Deploy.0 = Release|Any CPU
		{DBE54614-8215-4638-8B91-543E1BFC3824}.Release|ARM.ActiveCfg = Release|Any CPU
		{DBE54614-8215-4638-8B91-543E1BFC3824}.Release|ARM.Build.0 = Release|Any CPU
		{DBE54614-8215-4638-8B91-543E1BFC3824}.Release|ARM.Deploy.0 = Release|Any CPU
		{DBE54614-8215-4638-8B91-543E1BFC3824}.Release|iPhone.ActiveCfg = Release|Any CPU
		{DBE54614-8215-4638-8B91-543E1BFC3824}.Release|iPhone.Build.0 = Release|Any CPU
		{DBE54614-8215-4638-8B91-543E1BFC3824}.Release|iPhone.Deploy.0 = Release|Any CPU
		{DBE54614-8215-4638-8B91-543E1BFC3824}.Release|iPhoneSimulator.ActiveCfg = Release|Any CPU
		{DBE54614-8215-4638-8B91-543E1BFC3824}.Release|iPhoneSimulator.Build.0 = Release|Any CPU
		{DBE54614-8215-4638-8B91-543E1BFC3824}.Release|iPhoneSimulator.Deploy.0 = Release|Any CPU
		{DBE54614-8215-4638-8B91-543E1BFC3824}.Release|x64.ActiveCfg = Release|Any CPU
		{DBE54614-8215-4638-8B91-543E1BFC3824}.Release|x64.Build.0 = Release|Any CPU
		{DBE54614-8215-4638-8B91-543E1BFC3824}.Release|x64.Deploy.0 = Release|Any CPU
		{DBE54614-8215-4638-8B91-543E1BFC3824}.Release|x86.ActiveCfg = Release|Any CPU
		{DBE54614-8215-4638-8B91-543E1BFC3824}.Release|x86.Build.0 = Release|Any CPU
		{DBE54614-8215-4638-8B91-543E1BFC3824}.Release|x86.Deploy.0 = Release|Any CPU
		{3C26A00D-E0DD-436B-A72B-A4CB0B0DDE5B}.Debug|Any CPU.ActiveCfg = Debug|iPhoneSimulator
		{3C26A00D-E0DD-436B-A72B-A4CB0B0DDE5B}.Debug|ARM.ActiveCfg = Debug|iPhoneSimulator
		{3C26A00D-E0DD-436B-A72B-A4CB0B0DDE5B}.Debug|iPhone.ActiveCfg = Debug|iPhone
		{3C26A00D-E0DD-436B-A72B-A4CB0B0DDE5B}.Debug|iPhone.Build.0 = Debug|iPhone
		{3C26A00D-E0DD-436B-A72B-A4CB0B0DDE5B}.Debug|iPhoneSimulator.ActiveCfg = Debug|iPhoneSimulator
		{3C26A00D-E0DD-436B-A72B-A4CB0B0DDE5B}.Debug|iPhoneSimulator.Build.0 = Debug|iPhoneSimulator
		{3C26A00D-E0DD-436B-A72B-A4CB0B0DDE5B}.Debug|x64.ActiveCfg = Debug|iPhoneSimulator
		{3C26A00D-E0DD-436B-A72B-A4CB0B0DDE5B}.Debug|x86.ActiveCfg = Debug|iPhoneSimulator
		{3C26A00D-E0DD-436B-A72B-A4CB0B0DDE5B}.Release|Any CPU.ActiveCfg = Release|iPhoneSimulator
		{3C26A00D-E0DD-436B-A72B-A4CB0B0DDE5B}.Release|ARM.ActiveCfg = Release|iPhoneSimulator
		{3C26A00D-E0DD-436B-A72B-A4CB0B0DDE5B}.Release|iPhone.ActiveCfg = Release|iPhone
		{3C26A00D-E0DD-436B-A72B-A4CB0B0DDE5B}.Release|iPhone.Build.0 = Release|iPhone
		{3C26A00D-E0DD-436B-A72B-A4CB0B0DDE5B}.Release|iPhoneSimulator.ActiveCfg = Release|iPhoneSimulator
		{3C26A00D-E0DD-436B-A72B-A4CB0B0DDE5B}.Release|iPhoneSimulator.Build.0 = Release|iPhoneSimulator
		{3C26A00D-E0DD-436B-A72B-A4CB0B0DDE5B}.Release|x64.ActiveCfg = Release|iPhoneSimulator
		{3C26A00D-E0DD-436B-A72B-A4CB0B0DDE5B}.Release|x86.ActiveCfg = Release|iPhoneSimulator
		{776029E8-57DB-40F7-A09C-760BA3E7F719}.Debug|Any CPU.ActiveCfg = Debug|Any CPU
		{776029E8-57DB-40F7-A09C-760BA3E7F719}.Debug|Any CPU.Build.0 = Debug|Any CPU
		{776029E8-57DB-40F7-A09C-760BA3E7F719}.Debug|ARM.ActiveCfg = Debug|Any CPU
		{776029E8-57DB-40F7-A09C-760BA3E7F719}.Debug|ARM.Build.0 = Debug|Any CPU
		{776029E8-57DB-40F7-A09C-760BA3E7F719}.Debug|iPhone.ActiveCfg = Debug|Any CPU
		{776029E8-57DB-40F7-A09C-760BA3E7F719}.Debug|iPhone.Build.0 = Debug|Any CPU
		{776029E8-57DB-40F7-A09C-760BA3E7F719}.Debug|iPhoneSimulator.ActiveCfg = Debug|Any CPU
		{776029E8-57DB-40F7-A09C-760BA3E7F719}.Debug|iPhoneSimulator.Build.0 = Debug|Any CPU
		{776029E8-57DB-40F7-A09C-760BA3E7F719}.Debug|x64.ActiveCfg = Debug|Any CPU
		{776029E8-57DB-40F7-A09C-760BA3E7F719}.Debug|x64.Build.0 = Debug|Any CPU
		{776029E8-57DB-40F7-A09C-760BA3E7F719}.Debug|x86.ActiveCfg = Debug|Any CPU
		{776029E8-57DB-40F7-A09C-760BA3E7F719}.Debug|x86.Build.0 = Debug|Any CPU
		{776029E8-57DB-40F7-A09C-760BA3E7F719}.Release|Any CPU.ActiveCfg = Release|Any CPU
		{776029E8-57DB-40F7-A09C-760BA3E7F719}.Release|Any CPU.Build.0 = Release|Any CPU
		{776029E8-57DB-40F7-A09C-760BA3E7F719}.Release|ARM.ActiveCfg = Release|Any CPU
		{776029E8-57DB-40F7-A09C-760BA3E7F719}.Release|ARM.Build.0 = Release|Any CPU
		{776029E8-57DB-40F7-A09C-760BA3E7F719}.Release|iPhone.ActiveCfg = Release|Any CPU
		{776029E8-57DB-40F7-A09C-760BA3E7F719}.Release|iPhone.Build.0 = Release|Any CPU
		{776029E8-57DB-40F7-A09C-760BA3E7F719}.Release|iPhoneSimulator.ActiveCfg = Release|Any CPU
		{776029E8-57DB-40F7-A09C-760BA3E7F719}.Release|iPhoneSimulator.Build.0 = Release|Any CPU
		{776029E8-57DB-40F7-A09C-760BA3E7F719}.Release|x64.ActiveCfg = Release|Any CPU
		{776029E8-57DB-40F7-A09C-760BA3E7F719}.Release|x64.Build.0 = Release|Any CPU
		{776029E8-57DB-40F7-A09C-760BA3E7F719}.Release|x86.ActiveCfg = Release|Any CPU
		{776029E8-57DB-40F7-A09C-760BA3E7F719}.Release|x86.Build.0 = Release|Any CPU
	EndGlobalSection
	GlobalSection(SolutionProperties) = preSolution
		HideSolutionNode = FALSE
	EndGlobalSection
	GlobalSection(ExtensibilityGlobals) = postSolution
		SolutionGuid = {FBDCA67D-6DB1-491A-B53D-59380253F405}
	EndGlobalSection
EndGlobal
