
Microsoft Visual Studio Solution File, Format Version 12.00
# Visual Studio Version 16
VisualStudioVersion = 16.0.30611.23
MinimumVisualStudioVersion = 10.0.40219.1
Project("{FAE04EC0-301F-11D3-BF4B-00C04F79EFBC}") = "vivledo.mobile.UWP", "vivledo.mobile\vivledo.mobile.UWP\vivledo.mobile.UWP.csproj", "{AD9B229B-BFC4-4DA3-AC4E-81C3A3F481F4}"
EndProject
Project("{FAE04EC0-301F-11D3-BF4B-00C04F79EFBC}") = "vivledo.mobile.Android", "vivledo.mobile\vivledo.mobile.Android\vivledo.mobile.Android.csproj", "{DF46CDDB-3E50-4D15-858B-1918BF7895F2}"
EndProject
Project("{FAE04EC0-301F-11D3-BF4B-00C04F79EFBC}") = "vivledo.mobile.iOS", "vivledo.mobile\vivledo.mobile.iOS\vivledo.mobile.iOS.csproj", "{1467A457-9930-4E00-A340-574EEDA18520}"
EndProject
Project("{FAE04EC0-301F-11D3-BF4B-00C04F79EFBC}") = "vivledo.mobile", "vivledo.mobile\vivledo.mobile\vivledo.mobile.csproj", "{65304D44-B134-4766-9193-8AFB1B0CAE47}"
EndProject
Global
	GlobalSection(SolutionConfigurationPlatforms) = preSolution
		Debug|Any CPU = Debug|Any CPU
		Debug|ARM = Debug|ARM
		Debug|iPhone = Debug|iPhone
		Debug|iPhoneSimulator = Debug|iPhoneSimulator
		Debug|x64 = Debug|x64
		Debug|x86 = Debug|x86
		Release|Any CPU = Release|Any CPU
		Release|ARM = Release|ARM
		Release|iPhone = Release|iPhone
		Release|iPhoneSimulator = Release|iPhoneSimulator
		Release|x64 = Release|x64
		Release|x86 = Release|x86
	EndGlobalSection
	GlobalSection(ProjectConfigurationPlatforms) = postSolution
		{AD9B229B-BFC4-4DA3-AC4E-81C3A3F481F4}.Debug|Any CPU.ActiveCfg = Debug|x86
		{AD9B229B-BFC4-4DA3-AC4E-81C3A3F481F4}.Debug|ARM.ActiveCfg = Debug|ARM
		{AD9B229B-BFC4-4DA3-AC4E-81C3A3F481F4}.Debug|ARM.Build.0 = Debug|ARM
		{AD9B229B-BFC4-4DA3-AC4E-81C3A3F481F4}.Debug|ARM.Deploy.0 = Debug|ARM
		{AD9B229B-BFC4-4DA3-AC4E-81C3A3F481F4}.Debug|iPhone.ActiveCfg = Debug|x86
		{AD9B229B-BFC4-4DA3-AC4E-81C3A3F481F4}.Debug|iPhoneSimulator.ActiveCfg = Debug|x86
		{AD9B229B-BFC4-4DA3-AC4E-81C3A3F481F4}.Debug|x64.ActiveCfg = Debug|x64
		{AD9B229B-BFC4-4DA3-AC4E-81C3A3F481F4}.Debug|x64.Build.0 = Debug|x64
		{AD9B229B-BFC4-4DA3-AC4E-81C3A3F481F4}.Debug|x64.Deploy.0 = Debug|x64
		{AD9B229B-BFC4-4DA3-AC4E-81C3A3F481F4}.Debug|x86.ActiveCfg = Debug|x86
		{AD9B229B-BFC4-4DA3-AC4E-81C3A3F481F4}.Debug|x86.Build.0 = Debug|x86
		{AD9B229B-BFC4-4DA3-AC4E-81C3A3F481F4}.Debug|x86.Deploy.0 = Debug|x86
		{AD9B229B-BFC4-4DA3-AC4E-81C3A3F481F4}.Release|Any CPU.ActiveCfg = Release|x86
		{AD9B229B-BFC4-4DA3-AC4E-81C3A3F481F4}.Release|ARM.ActiveCfg = Release|ARM
		{AD9B229B-BFC4-4DA3-AC4E-81C3A3F481F4}.Release|ARM.Build.0 = Release|ARM
		{AD9B229B-BFC4-4DA3-AC4E-81C3A3F481F4}.Release|ARM.Deploy.0 = Release|ARM
		{AD9B229B-BFC4-4DA3-AC4E-81C3A3F481F4}.Release|iPhone.ActiveCfg = Release|x86
		{AD9B229B-BFC4-4DA3-AC4E-81C3A3F481F4}.Release|iPhoneSimulator.ActiveCfg = Release|x86
		{AD9B229B-BFC4-4DA3-AC4E-81C3A3F481F4}.Release|x64.ActiveCfg = Release|x64
		{AD9B229B-BFC4-4DA3-AC4E-81C3A3F481F4}.Release|x64.Build.0 = Release|x64
		{AD9B229B-BFC4-4DA3-AC4E-81C3A3F481F4}.Release|x64.Deploy.0 = Release|x64
		{AD9B229B-BFC4-4DA3-AC4E-81C3A3F481F4}.Release|x86.ActiveCfg = Release|x86
		{AD9B229B-BFC4-4DA3-AC4E-81C3A3F481F4}.Release|x86.Build.0 = Release|x86
		{AD9B229B-BFC4-4DA3-AC4E-81C3A3F481F4}.Release|x86.Deploy.0 = Release|x86
		{DF46CDDB-3E50-4D15-858B-1918BF7895F2}.Debug|Any CPU.ActiveCfg = Debug|Any CPU
		{DF46CDDB-3E50-4D15-858B-1918BF7895F2}.Debug|Any CPU.Build.0 = Debug|Any CPU
		{DF46CDDB-3E50-4D15-858B-1918BF7895F2}.Debug|Any CPU.Deploy.0 = Debug|Any CPU
		{DF46CDDB-3E50-4D15-858B-1918BF7895F2}.Debug|ARM.ActiveCfg = Debug|Any CPU
		{DF46CDDB-3E50-4D15-858B-1918BF7895F2}.Debug|ARM.Build.0 = Debug|Any CPU
		{DF46CDDB-3E50-4D15-858B-1918BF7895F2}.Debug|ARM.Deploy.0 = Debug|Any CPU
		{DF46CDDB-3E50-4D15-858B-1918BF7895F2}.Debug|iPhone.ActiveCfg = Debug|Any CPU
		{DF46CDDB-3E50-4D15-858B-1918BF7895F2}.Debug|iPhone.Build.0 = Debug|Any CPU
		{DF46CDDB-3E50-4D15-858B-1918BF7895F2}.Debug|iPhone.Deploy.0 = Debug|Any CPU
		{DF46CDDB-3E50-4D15-858B-1918BF7895F2}.Debug|iPhoneSimulator.ActiveCfg = Debug|Any CPU
		{DF46CDDB-3E50-4D15-858B-1918BF7895F2}.Debug|iPhoneSimulator.Build.0 = Debug|Any CPU
		{DF46CDDB-3E50-4D15-858B-1918BF7895F2}.Debug|iPhoneSimulator.Deploy.0 = Debug|Any CPU
		{DF46CDDB-3E50-4D15-858B-1918BF7895F2}.Debug|x64.ActiveCfg = Debug|Any CPU
		{DF46CDDB-3E50-4D15-858B-1918BF7895F2}.Debug|x64.Build.0 = Debug|Any CPU
		{DF46CDDB-3E50-4D15-858B-1918BF7895F2}.Debug|x64.Deploy.0 = Debug|Any CPU
		{DF46CDDB-3E50-4D15-858B-1918BF7895F2}.Debug|x86.ActiveCfg = Debug|Any CPU
		{DF46CDDB-3E50-4D15-858B-1918BF7895F2}.Debug|x86.Build.0 = Debug|Any CPU
		{DF46CDDB-3E50-4D15-858B-1918BF7895F2}.Debug|x86.Deploy.0 = Debug|Any CPU
		{DF46CDDB-3E50-4D15-858B-1918BF7895F2}.Release|Any CPU.ActiveCfg = Release|Any CPU
		{DF46CDDB-3E50-4D15-858B-1918BF7895F2}.Release|Any CPU.Build.0 = Release|Any CPU
		{DF46CDDB-3E50-4D15-858B-1918BF7895F2}.Release|Any CPU.Deploy.0 = Release|Any CPU
		{DF46CDDB-3E50-4D15-858B-1918BF7895F2}.Release|ARM.ActiveCfg = Release|Any CPU
		{DF46CDDB-3E50-4D15-858B-1918BF7895F2}.Release|ARM.Build.0 = Release|Any CPU
		{DF46CDDB-3E50-4D15-858B-1918BF7895F2}.Release|ARM.Deploy.0 = Release|Any CPU
		{DF46CDDB-3E50-4D15-858B-1918BF7895F2}.Release|iPhone.ActiveCfg = Release|Any CPU
		{DF46CDDB-3E50-4D15-858B-1918BF7895F2}.Release|iPhone.Build.0 = Release|Any CPU
		{DF46CDDB-3E50-4D15-858B-1918BF7895F2}.Release|iPhone.Deploy.0 = Release|Any CPU
		{DF46CDDB-3E50-4D15-858B-1918BF7895F2}.Release|iPhoneSimulator.ActiveCfg = Release|Any CPU
		{DF46CDDB-3E50-4D15-858B-1918BF7895F2}.Release|iPhoneSimulator.Build.0 = Release|Any CPU
		{DF46CDDB-3E50-4D15-858B-1918BF7895F2}.Release|iPhoneSimulator.Deploy.0 = Release|Any CPU
		{DF46CDDB-3E50-4D15-858B-1918BF7895F2}.Release|x64.ActiveCfg = Release|Any CPU
		{DF46CDDB-3E50-4D15-858B-1918BF7895F2}.Release|x64.Build.0 = Release|Any CPU
		{DF46CDDB-3E50-4D15-858B-1918BF7895F2}.Release|x64.Deploy.0 = Release|Any CPU
		{DF46CDDB-3E50-4D15-858B-1918BF7895F2}.Release|x86.ActiveCfg = Release|Any CPU
		{DF46CDDB-3E50-4D15-858B-1918BF7895F2}.Release|x86.Build.0 = Release|Any CPU
		{DF46CDDB-3E50-4D15-858B-1918BF7895F2}.Release|x86.Deploy.0 = Release|Any CPU
		{1467A457-9930-4E00-A340-574EEDA18520}.Debug|Any CPU.ActiveCfg = Debug|iPhoneSimulator
		{1467A457-9930-4E00-A340-574EEDA18520}.Debug|ARM.ActiveCfg = Debug|iPhoneSimulator
		{1467A457-9930-4E00-A340-574EEDA18520}.Debug|iPhone.ActiveCfg = Debug|iPhone
		{1467A457-9930-4E00-A340-574EEDA18520}.Debug|iPhone.Build.0 = Debug|iPhone
		{1467A457-9930-4E00-A340-574EEDA18520}.Debug|iPhoneSimulator.ActiveCfg = Debug|iPhoneSimulator
		{1467A457-9930-4E00-A340-574EEDA18520}.Debug|iPhoneSimulator.Build.0 = Debug|iPhoneSimulator
		{1467A457-9930-4E00-A340-574EEDA18520}.Debug|x64.ActiveCfg = Debug|iPhoneSimulator
		{1467A457-9930-4E00-A340-574EEDA18520}.Debug|x86.ActiveCfg = Debug|iPhoneSimulator
		{1467A457-9930-4E00-A340-574EEDA18520}.Release|Any CPU.ActiveCfg = Release|iPhoneSimulator
		{1467A457-9930-4E00-A340-574EEDA18520}.Release|ARM.ActiveCfg = Release|iPhoneSimulator
		{1467A457-9930-4E00-A340-574EEDA18520}.Release|iPhone.ActiveCfg = Release|iPhone
		{1467A457-9930-4E00-A340-574EEDA18520}.Release|iPhone.Build.0 = Release|iPhone
		{1467A457-9930-4E00-A340-574EEDA18520}.Release|iPhoneSimulator.ActiveCfg = Release|iPhoneSimulator
		{1467A457-9930-4E00-A340-574EEDA18520}.Release|iPhoneSimulator.Build.0 = Release|iPhoneSimulator
		{1467A457-9930-4E00-A340-574EEDA18520}.Release|x64.ActiveCfg = Release|iPhoneSimulator
		{1467A457-9930-4E00-A340-574EEDA18520}.Release|x86.ActiveCfg = Release|iPhoneSimulator
		{65304D44-B134-4766-9193-8AFB1B0CAE47}.Debug|Any CPU.ActiveCfg = Debug|Any CPU
		{65304D44-B134-4766-9193-8AFB1B0CAE47}.Debug|Any CPU.Build.0 = Debug|Any CPU
		{65304D44-B134-4766-9193-8AFB1B0CAE47}.Debug|ARM.ActiveCfg = Debug|Any CPU
		{65304D44-B134-4766-9193-8AFB1B0CAE47}.Debug|ARM.Build.0 = Debug|Any CPU
		{65304D44-B134-4766-9193-8AFB1B0CAE47}.Debug|iPhone.ActiveCfg = Debug|Any CPU
		{65304D44-B134-4766-9193-8AFB1B0CAE47}.Debug|iPhone.Build.0 = Debug|Any CPU
		{65304D44-B134-4766-9193-8AFB1B0CAE47}.Debug|iPhoneSimulator.ActiveCfg = Debug|Any CPU
		{65304D44-B134-4766-9193-8AFB1B0CAE47}.Debug|iPhoneSimulator.Build.0 = Debug|Any CPU
		{65304D44-B134-4766-9193-8AFB1B0CAE47}.Debug|x64.ActiveCfg = Debug|Any CPU
		{65304D44-B134-4766-9193-8AFB1B0CAE47}.Debug|x64.Build.0 = Debug|Any CPU
		{65304D44-B134-4766-9193-8AFB1B0CAE47}.Debug|x86.ActiveCfg = Debug|Any CPU
		{65304D44-B134-4766-9193-8AFB1B0CAE47}.Debug|x86.Build.0 = Debug|Any CPU
		{65304D44-B134-4766-9193-8AFB1B0CAE47}.Release|Any CPU.ActiveCfg = Release|Any CPU
		{65304D44-B134-4766-9193-8AFB1B0CAE47}.Release|Any CPU.Build.0 = Release|Any CPU
		{65304D44-B134-4766-9193-8AFB1B0CAE47}.Release|ARM.ActiveCfg = Release|Any CPU
		{65304D44-B134-4766-9193-8AFB1B0CAE47}.Release|ARM.Build.0 = Release|Any CPU
		{65304D44-B134-4766-9193-8AFB1B0CAE47}.Release|iPhone.ActiveCfg = Release|Any CPU
		{65304D44-B134-4766-9193-8AFB1B0CAE47}.Release|iPhone.Build.0 = Release|Any CPU
		{65304D44-B134-4766-9193-8AFB1B0CAE47}.Release|iPhoneSimulator.ActiveCfg = Release|Any CPU
		{65304D44-B134-4766-9193-8AFB1B0CAE47}.Release|iPhoneSimulator.Build.0 = Release|Any CPU
		{65304D44-B134-4766-9193-8AFB1B0CAE47}.Release|x64.ActiveCfg = Release|Any CPU
		{65304D44-B134-4766-9193-8AFB1B0CAE47}.Release|x64.Build.0 = Release|Any CPU
		{65304D44-B134-4766-9193-8AFB1B0CAE47}.Release|x86.ActiveCfg = Release|Any CPU
		{65304D44-B134-4766-9193-8AFB1B0CAE47}.Release|x86.Build.0 = Release|Any CPU
	EndGlobalSection
	GlobalSection(SolutionProperties) = preSolution
		HideSolutionNode = FALSE
	EndGlobalSection
	GlobalSection(ExtensibilityGlobals) = postSolution
		SolutionGuid = {FBDCA67D-6DB1-491A-B53D-59380253F405}
	EndGlobalSection
EndGlobal
